[[package]]
name = "lxml"
version = "4.9.1"
description = "Powerful and Pythonic XML processing library combining libxml2/libxslt with the ElementTree API."
category = "main"
optional = false
python-versions = ">=2.7, !=3.0.*, !=3.1.*, !=3.2.*, !=3.3.*, != 3.4.*"

[package.extras]
cssselect = ["cssselect (>=0.7)"]
html5 = ["html5lib"]
htmlsoup = ["beautifulsoup4"]
source = ["Cython (>=0.29.7)"]

[[package]]
name = "lxml-stubs"
version = "0.4.0"
description = "Type annotations for the lxml package"
category = "main"
optional = false
python-versions = "*"

[package.extras]
test = ["coverage[toml] (==5.2)", "pytest (>=6.0.0)", "pytest-mypy-plugins (==1.9.3)"]

[[package]]
name = "termcolor"
version = "1.1.0"
description = "ANSII Color formatting for output in terminal."
category = "main"
optional = false
python-versions = "*"

[[package]]
name = "tmep"
version = "2.3.3"
description = "Template and Macros Expansion for Path names."
category = "main"
optional = false
python-versions = ">=3.8,<4.0"

[package.dependencies]
Unidecode = ">=1.3.4,<2.0.0"

[[package]]
name = "unidecode"
version = "1.3.4"
description = "ASCII transliterations of Unicode text"
category = "main"
optional = false
python-versions = ">=3.5"

[metadata]
lock-version = "1.1"
python-versions = "^3.8"
content-hash = "908889469efa48a053db37fe0540f4021283a964b41686d0d25514a9525ac336"

[metadata.files]
lxml = []
lxml-stubs = []
termcolor = []
tmep = []
unidecode = []
